// !$*UTF8*$!
{
	archiveVersion = 1;
	classes = {
	};
	objectVersion = 56;
	objects = {

/* Begin PBXBuildFile section */
		8F4993E82A60F71B00C76C62 /* AppDelegate.swift in Sources */ = {isa = PBXBuildFile; fileRef = 8F4993E72A60F71B00C76C62 /* AppDelegate.swift */; };
		8F4993EA2A60F71B00C76C62 /* SceneDelegate.swift in Sources */ = {isa = PBXBuildFile; fileRef = 8F4993E92A60F71B00C76C62 /* SceneDelegate.swift */; };
		8F4993EC2A60F71B00C76C62 /* ViewController.swift in Sources */ = {isa = PBXBuildFile; fileRef = 8F4993EB2A60F71B00C76C62 /* ViewController.swift */; };
		8F4993EF2A60F71B00C76C62 /* Main.storyboard in Resources */ = {isa = PBXBuildFile; fileRef = 8F4993ED2A60F71B00C76C62 /* Main.storyboard */; };
		8F4993F12A60F71C00C76C62 /* Assets.xcassets in Resources */ = {isa = PBXBuildFile; fileRef = 8F4993F02A60F71C00C76C62 /* Assets.xcassets */; };
		8F4993F42A60F71C00C76C62 /* LaunchScreen.storyboard in Resources */ = {isa = PBXBuildFile; fileRef = 8F4993F22A60F71C00C76C62 /* LaunchScreen.storyboard */; };
		8F4993FC2A60F7F500C76C62 /* OnlineUserMarkAnnotationView.swift in Sources */ = {isa = PBXBuildFile; fileRef = 8F4993FB2A60F7F500C76C62 /* OnlineUserMarkAnnotationView.swift */; };
		D83B97156E5F491960B94CAB /* Pods_MapIssueDemo.framework in Frameworks */ = {isa = PBXBuildFile; fileRef = 5FD58C3405A3E9F1A40CBEF8 /* Pods_MapIssueDemo.framework */; };
/* End PBXBuildFile section */

/* Begin PBXFileReference section */
		0BFA04E0E39C334BD0E2B5BC /* Pods-MapIssueDemo.debug.xcconfig */ = {isa = PBXFileReference; includeInIndex = 1; lastKnownFileType = text.xcconfig; name = "Pods-MapIssueDemo.debug.xcconfig"; path = "Target Support Files/Pods-MapIssueDemo/Pods-MapIssueDemo.debug.xcconfig"; sourceTree = "<group>"; };
		5FD58C3405A3E9F1A40CBEF8 /* Pods_MapIssueDemo.framework */ = {isa = PBXFileReference; explicitFileType = wrapper.framework; includeInIndex = 0; path = Pods_MapIssueDemo.framework; sourceTree = BUILT_PRODUCTS_DIR; };
		8F4993E42A60F71B00C76C62 /* MapIssueDemo.app */ = {isa = PBXFileReference; explicitFileType = wrapper.application; includeInIndex = 0; path = MapIssueDemo.app; sourceTree = BUILT_PRODUCTS_DIR; };
		8F4993E72A60F71B00C76C62 /* AppDelegate.swift */ = {isa = PBXFileReference; lastKnownFileType = sourcecode.swift; path = AppDelegate.swift; sourceTree = "<group>"; };
		8F4993E92A60F71B00C76C62 /* SceneDelegate.swift */ = {isa = PBXFileReference; lastKnownFileType = sourcecode.swift; path = SceneDelegate.swift; sourceTree = "<group>"; };
		8F4993EB2A60F71B00C76C62 /* ViewController.swift */ = {isa = PBXFileReference; lastKnownFileType = sourcecode.swift; path = ViewController.swift; sourceTree = "<group>"; };
		8F4993EE2A60F71B00C76C62 /* Base */ = {isa = PBXFileReference; lastKnownFileType = file.storyboard; name = Base; path = Base.lproj/Main.storyboard; sourceTree = "<group>"; };
		8F4993F02A60F71C00C76C62 /* Assets.xcassets */ = {isa = PBXFileReference; lastKnownFileType = folder.assetcatalog; path = Assets.xcassets; sourceTree = "<group>"; };
		8F4993F32A60F71C00C76C62 /* Base */ = {isa = PBXFileReference; lastKnownFileType = file.storyboard; name = Base; path = Base.lproj/LaunchScreen.storyboard; sourceTree = "<group>"; };
		8F4993F52A60F71C00C76C62 /* Info.plist */ = {isa = PBXFileReference; lastKnownFileType = text.plist.xml; path = Info.plist; sourceTree = "<group>"; };
		8F4993FB2A60F7F500C76C62 /* OnlineUserMarkAnnotationView.swift */ = {isa = PBXFileReference; lastKnownFileType = sourcecode.swift; path = OnlineUserMarkAnnotationView.swift; sourceTree = "<group>"; };
		E067E4EEB12D1C6A1BDA06CE /* Pods-MapIssueDemo.release.xcconfig */ = {isa = PBXFileReference; includeInIndex = 1; lastKnownFileType = text.xcconfig; name = "Pods-MapIssueDemo.release.xcconfig"; path = "Target Support Files/Pods-MapIssueDemo/Pods-MapIssueDemo.release.xcconfig"; sourceTree = "<group>"; };
/* End PBXFileReference section */

/* Begin PBXFrameworksBuildPhase section */
		8F4993E12A60F71B00C76C62 /* Frameworks */ = {
			isa = PBXFrameworksBuildPhase;
			buildActionMask = 2147483647;
			files = (
				D83B97156E5F491960B94CAB /* Pods_MapIssueDemo.framework in Frameworks */,
			);
			runOnlyForDeploymentPostprocessing = 0;
		};
/* End PBXFrameworksBuildPhase section */

/* Begin PBXGroup section */
		8F4993DB2A60F71A00C76C62 = {
			isa = PBXGroup;
			children = (
				8F4993E62A60F71B00C76C62 /* MapIssueDemo */,
				8F4993E52A60F71B00C76C62 /* Products */,
				9B94787ED8009B3DD0D56541 /* Pods */,
				97C2F6557E3ED003D61EDF90 /* Frameworks */,
			);
			sourceTree = "<group>";
		};
		8F4993E52A60F71B00C76C62 /* Products */ = {
			isa = PBXGroup;
			children = (
				8F4993E42A60F71B00C76C62 /* MapIssueDemo.app */,
			);
			name = Products;
			sourceTree = "<group>";
		};
		8F4993E62A60F71B00C76C62 /* MapIssueDemo */ = {
			isa = PBXGroup;
			children = (
				8F4993E72A60F71B00C76C62 /* AppDelegate.swift */,
				8F4993E92A60F71B00C76C62 /* SceneDelegate.swift */,
				8F4993EB2A60F71B00C76C62 /* ViewController.swift */,
				8F4993ED2A60F71B00C76C62 /* Main.storyboard */,
				8F4993F02A60F71C00C76C62 /* Assets.xcassets */,
				8F4993F22A60F71C00C76C62 /* LaunchScreen.storyboard */,
				8F4993F52A60F71C00C76C62 /* Info.plist */,
				8F4993FB2A60F7F500C76C62 /* OnlineUserMarkAnnotationView.swift */,
			);
			path = MapIssueDemo;
			sourceTree = "<group>";
		};
		97C2F6557E3ED003D61EDF90 /* Frameworks */ = {
			isa = PBXGroup;
			children = (
				5FD58C3405A3E9F1A40CBEF8 /* Pods_MapIssueDemo.framework */,
			);
			name = Frameworks;
			sourceTree = "<group>";
		};
		9B94787ED8009B3DD0D56541 /* Pods */ = {
			isa = PBXGroup;
			children = (
				0BFA04E0E39C334BD0E2B5BC /* Pods-MapIssueDemo.debug.xcconfig */,
				E067E4EEB12D1C6A1BDA06CE /* Pods-MapIssueDemo.release.xcconfig */,
			);
			name = Pods;
			path = Pods;
			sourceTree = "<group>";
		};
/* End PBXGroup section */

/* Begin PBXNativeTarget section */
		8F4993E32A60F71B00C76C62 /* MapIssueDemo */ = {
			isa = PBXNativeTarget;
			buildConfigurationList = 8F4993F82A60F71D00C76C62 /* Build configuration list for PBXNativeTarget "MapIssueDemo" */;
			buildPhases = (
				F49DD6AA2B5B6901E6E0102F /* [CP] Check Pods Manifest.lock */,
				8F4993E02A60F71B00C76C62 /* Sources */,
				8F4993E12A60F71B00C76C62 /* Frameworks */,
				8F4993E22A60F71B00C76C62 /* Resources */,
				22AFEAD8CF273EEC50C374FB /* [CP] Embed Pods Frameworks */,
			);
			buildRules = (
			);
			dependencies = (
			);
			name = MapIssueDemo;
			productName = MapIssueDemo;
			productReference = 8F4993E42A60F71B00C76C62 /* MapIssueDemo.app */;
			productType = "com.apple.product-type.application";
		};
/* End PBXNativeTarget section */

/* Begin PBXProject section */
		8F4993DC2A60F71B00C76C62 /* Project object */ = {
			isa = PBXProject;
			attributes = {
				BuildIndependentTargetsInParallel = 1;
				LastSwiftUpdateCheck = 1430;
				LastUpgradeCheck = 1430;
				TargetAttributes = {
					8F4993E32A60F71B00C76C62 = {
						CreatedOnToolsVersion = 14.3.1;
					};
				};
			};
			buildConfigurationList = 8F4993DF2A60F71B00C76C62 /* Build configuration list for PBXProject "MapIssueDemo" */;
			compatibilityVersion = "Xcode 14.0";
			developmentRegion = en;
			hasScannedForEncodings = 0;
			knownRegions = (
				en,
				Base,
			);
			mainGroup = 8F4993DB2A60F71A00C76C62;
			productRefGroup = 8F4993E52A60F71B00C76C62 /* Products */;
			projectDirPath = "";
			projectRoot = "";
			targets = (
				8F4993E32A60F71B00C76C62 /* MapIssueDemo */,
			);
		};
/* End PBXProject section */

/* Begin PBXResourcesBuildPhase section */
		8F4993E22A60F71B00C76C62 /* Resources */ = {
			isa = PBXResourcesBuildPhase;
			buildActionMask = 2147483647;
			files = (
				8F4993F42A60F71C00C76C62 /* LaunchScreen.storyboard in Resources */,
				8F4993F12A60F71C00C76C62 /* Assets.xcassets in Resources */,
				8F4993EF2A60F71B00C76C62 /* Main.storyboard in Resources */,
			);
			runOnlyForDeploymentPostprocessing = 0;
		};
/* End PBXResourcesBuildPhase section */

/* Begin PBXShellScriptBuildPhase section */
		22AFEAD8CF273EEC50C374FB /* [CP] Embed Pods Frameworks */ = {
			isa = PBXShellScriptBuildPhase;
			buildActionMask = 2147483647;
			files = (
			);
			inputFileListPaths = (
				"${PODS_ROOT}/Target Support Files/Pods-MapIssueDemo/Pods-MapIssueDemo-frameworks-${CONFIGURATION}-input-files.xcfilelist",
			);
			name = "[CP] Embed Pods Frameworks";
			outputFileListPaths = (
				"${PODS_ROOT}/Target Support Files/Pods-MapIssueDemo/Pods-MapIssueDemo-frameworks-${CONFIGURATION}-output-files.xcfilelist",
			);
			runOnlyForDeploymentPostprocessing = 0;
			shellPath = /bin/sh;
			shellScript = "\"${PODS_ROOT}/Target Support Files/Pods-MapIssueDemo/Pods-MapIssueDemo-frameworks.sh\"\n";
			showEnvVarsInLog = 0;
		};
		F49DD6AA2B5B6901E6E0102F /* [CP] Check Pods Manifest.lock */ = {
			isa = PBXShellScriptBuildPhase;
			buildActionMask = 2147483647;
			files = (
			);
			inputFileListPaths = (
			);
			inputPaths = (
				"${PODS_PODFILE_DIR_PATH}/Podfile.lock",
				"${PODS_ROOT}/Manifest.lock",
			);
			name = "[CP] Check Pods Manifest.lock";
			outputFileListPaths = (
			);
			outputPaths = (
				"$(DERIVED_FILE_DIR)/Pods-MapIssueDemo-checkManifestLockResult.txt",
			);
			runOnlyForDeploymentPostprocessing = 0;
			shellPath = /bin/sh;
			shellScript = "diff \"${PODS_PODFILE_DIR_PATH}/Podfile.lock\" \"${PODS_ROOT}/Manifest.lock\" > /dev/null\nif [ $? != 0 ] ; then\n    # print error to STDERR\n    echo \"error: The sandbox is not in sync with the Podfile.lock. Run 'pod install' or update your CocoaPods installation.\" >&2\n    exit 1\nfi\n# This output is used by Xcode 'outputs' to avoid re-running this script phase.\necho \"SUCCESS\" > \"${SCRIPT_OUTPUT_FILE_0}\"\n";
			showEnvVarsInLog = 0;
		};
/* End PBXShellScriptBuildPhase section */

/* Begin PBXSourcesBuildPhase section */
		8F4993E02A60F71B00C76C62 /* Sources */ = {
			isa = PBXSourcesBuildPhase;
			buildActionMask = 2147483647;
			files = (
				8F4993EC2A60F71B00C76C62 /* ViewController.swift in Sources */,
				8F4993E82A60F71B00C76C62 /* AppDelegate.swift in Sources */,
				8F4993FC2A60F7F500C76C62 /* OnlineUserMarkAnnotationView.swift in Sources */,
				8F4993EA2A60F71B00C76C62 /* SceneDelegate.swift in Sources */,
			);
			runOnlyForDeploymentPostprocessing = 0;
		};
/* End PBXSourcesBuildPhase section */

/* Begin PBXVariantGroup section */
		8F4993ED2A60F71B00C76C62 /* Main.storyboard */ = {
			isa = PBXVariantGroup;
			children = (
				8F4993EE2A60F71B00C76C62 /* Base */,
			);
			name = Main.storyboard;
			sourceTree = "<group>";
		};
		8F4993F22A60F71C00C76C62 /* LaunchScreen.storyboard */ = {
			isa = PBXVariantGroup;
			children = (
				8F4993F32A60F71C00C76C62 /* Base */,
			);
			name = LaunchScreen.storyboard;
			sourceTree = "<group>";
		};
/* End PBXVariantGroup section */

/* Begin XCBuildConfiguration section */
		8F4993F62A60F71C00C76C62 /* Debug */ = {
			isa = XCBuildConfiguration;
			buildSettings = {
				ALWAYS_SEARCH_USER_PATHS = NO;
				CLANG_ANALYZER_NONNULL = YES;
				CLANG_ANALYZER_NUMBER_OBJECT_CONVERSION = YES_AGGRESSIVE;
				CLANG_CXX_LANGUAGE_STANDARD = "gnu++20";
				CLANG_ENABLE_MODULES = YES;
				CLANG_ENABLE_OBJC_ARC = YES;
				CLANG_ENABLE_OBJC_WEAK = YES;
				CLANG_WARN_BLOCK_CAPTURE_AUTORELEASING = YES;
				CLANG_WARN_BOOL_CONVERSION = YES;
				CLANG_WARN_COMMA = YES;
				CLANG_WARN_CONSTANT_CONVERSION = YES;
				CLANG_WARN_DEPRECATED_OBJC_IMPLEMENTATIONS = YES;
				CLANG_WARN_DIRECT_OBJC_ISA_USAGE = YES_ERROR;
				CLANG_WARN_DOCUMENTATION_COMMENTS = YES;
				CLANG_WARN_EMPTY_BODY = YES;
				CLANG_WARN_ENUM_CONVERSION = YES;
				CLANG_WARN_INFINITE_RECURSION = YES;
				CLANG_WARN_INT_CONVERSION = YES;
				CLANG_WARN_NON_LITERAL_NULL_CONVERSION = YES;
				CLANG_WARN_OBJC_IMPLICIT_RETAIN_SELF = YES;
				CLANG_WARN_OBJC_LITERAL_CONVERSION = YES;
				CLANG_WARN_OBJC_ROOT_CLASS = YES_ERROR;
				CLANG_WARN_QUOTED_INCLUDE_IN_FRAMEWORK_HEADER = YES;
				CLANG_WARN_RANGE_LOOP_ANALYSIS = YES;
				CLANG_WARN_STRICT_PROTOTYPES = YES;
				CLANG_WARN_SUSPICIOUS_MOVE = YES;
				CLANG_WARN_UNGUARDED_AVAILABILITY = YES_AGGRESSIVE;
				CLANG_WARN_UNREACHABLE_CODE = YES;
				CLANG_WARN__DUPLICATE_METHOD_MATCH = YES;
				COPY_PHASE_STRIP = NO;
				DEBUG_INFORMATION_FORMAT = dwarf;
				ENABLE_STRICT_OBJC_MSGSEND = YES;
				ENABLE_TESTABILITY = YES;
				GCC_C_LANGUAGE_STANDARD = gnu11;
				GCC_DYNAMIC_NO_PIC = NO;
				GCC_NO_COMMON_BLOCKS = YES;
				GCC_OPTIMIZATION_LEVEL = 0;
				GCC_PREPROCESSOR_DEFINITIONS = (
					"DEBUG=1",
					"$(inherited)",
				);
				GCC_WARN_64_TO_32_BIT_CONVERSION = YES;
				GCC_WARN_ABOUT_RETURN_TYPE = YES_ERROR;
				GCC_WARN_UNDECLARED_SELECTOR = YES;
				GCC_WARN_UNINITIALIZED_AUTOS = YES_AGGRESSIVE;
				GCC_WARN_UNUSED_FUNCTION = YES;
				GCC_WARN_UNUSED_VARIABLE = YES;
				IPHONEOS_DEPLOYMENT_TARGET = 16.4;
				MTL_ENABLE_DEBUG_INFO = INCLUDE_SOURCE;
				MTL_FAST_MATH = YES;
				ONLY_ACTIVE_ARCH = YES;
				SDKROOT = iphoneos;
				SWIFT_ACTIVE_COMPILATION_CONDITIONS = DEBUG;
				SWIFT_OPTIMIZATION_LEVEL = "-Onone";
			};
			name = Debug;
		};
		8F4993F72A60F71C00C76C62 /* Release */ = {
			isa = XCBuildConfiguration;
			buildSettings = {
				ALWAYS_SEARCH_USER_PATHS = NO;
				CLANG_ANALYZER_NONNULL = YES;
				CLANG_ANALYZER_NUMBER_OBJECT_CONVERSION = YES_AGGRESSIVE;
				CLANG_CXX_LANGUAGE_STANDARD = "gnu++20";
				CLANG_ENABLE_MODULES = YES;
				CLANG_ENABLE_OBJC_ARC = YES;
				CLANG_ENABLE_OBJC_WEAK = YES;
				CLANG_WARN_BLOCK_CAPTURE_AUTORELEASING = YES;
				CLANG_WARN_BOOL_CONVERSION = YES;
				CLANG_WARN_COMMA = YES;
				CLANG_WARN_CONSTANT_CONVERSION = YES;
				CLANG_WARN_DEPRECATED_OBJC_IMPLEMENTATIONS = YES;
				CLANG_WARN_DIRECT_OBJC_ISA_USAGE = YES_ERROR;
				CLANG_WARN_DOCUMENTATION_COMMENTS = YES;
				CLANG_WARN_EMPTY_BODY = YES;
				CLANG_WARN_ENUM_CONVERSION = YES;
				CLANG_WARN_INFINITE_RECURSION = YES;
				CLANG_WARN_INT_CONVERSION = YES;
				CLANG_WARN_NON_LITERAL_NULL_CONVERSION = YES;
				CLANG_WARN_OBJC_IMPLICIT_RETAIN_SELF = YES;
				CLANG_WARN_OBJC_LITERAL_CONVERSION = YES;
				CLANG_WARN_OBJC_ROOT_CLASS = YES_ERROR;
				CLANG_WARN_QUOTED_INCLUDE_IN_FRAMEWORK_HEADER = YES;
				CLANG_WARN_RANGE_LOOP_ANALYSIS = YES;
				CLANG_WARN_STRICT_PROTOTYPES = YES;
				CLANG_WARN_SUSPICIOUS_MOVE = YES;
				CLANG_WARN_UNGUARDED_AVAILABILITY = YES_AGGRESSIVE;
				CLANG_WARN_UNREACHABLE_CODE = YES;
				CLANG_WARN__DUPLICATE_METHOD_MATCH = YES;
				COPY_PHASE_STRIP = NO;
				DEBUG_INFORMATION_FORMAT = "dwarf-with-dsym";
				ENABLE_NS_ASSERTIONS = NO;
				ENABLE_STRICT_OBJC_MSGSEND = YES;
				GCC_C_LANGUAGE_STANDARD = gnu11;
				GCC_NO_COMMON_BLOCKS = YES;
				GCC_WARN_64_TO_32_BIT_CONVERSION = YES;
				GCC_WARN_ABOUT_RETURN_TYPE = YES_ERROR;
				GCC_WARN_UNDECLARED_SELECTOR = YES;
				GCC_WARN_UNINITIALIZED_AUTOS = YES_AGGRESSIVE;
				GCC_WARN_UNUSED_FUNCTION = YES;
				GCC_WARN_UNUSED_VARIABLE = YES;
				IPHONEOS_DEPLOYMENT_TARGET = 16.4;
				MTL_ENABLE_DEBUG_INFO = NO;
				MTL_FAST_MATH = YES;
				SDKROOT = iphoneos;
				SWIFT_COMPILATION_MODE = wholemodule;
				SWIFT_OPTIMIZATION_LEVEL = "-O";
				VALIDATE_PRODUCT = YES;
			};
			name = Release;
		};
		8F4993F92A60F71D00C76C62 /* Debug */ = {
			isa = XCBuildConfiguration;
			baseConfigurationReference = 0BFA04E0E39C334BD0E2B5BC /* Pods-MapIssueDemo.debug.xcconfig */;
			buildSettings = {
				ASSETCATALOG_COMPILER_APPICON_NAME = AppIcon;
				ASSETCATALOG_COMPILER_GLOBAL_ACCENT_COLOR_NAME = AccentColor;
				CODE_SIGN_STYLE = Automatic;
				CURRENT_PROJECT_VERSION = 1;
				DEVELOPMENT_TEAM = 4DLDXBD4UT;
				GENERATE_INFOPLIST_FILE = YES;
				INFOPLIST_FILE = MapIssueDemo/Info.plist;
				INFOPLIST_KEY_UIApplicationSupportsIndirectInputEvents = YES;
				INFOPLIST_KEY_UILaunchStoryboardName = LaunchScreen;
				INFOPLIST_KEY_UIMainStoryboardFile = Main;
				INFOPLIST_KEY_UISupportedInterfaceOrientations_iPad = "UIInterfaceOrientationPortrait UIInterfaceOrientationPortraitUpsideDown UIInterfaceOrientationLandscapeLeft UIInterfaceOrientationLandscapeRight";
				INFOPLIST_KEY_UISupportedInterfaceOrientations_iPhone = "UIInterfaceOrientationPortrait UIInterfaceOrientationLandscapeLeft UIInterfaceOrientationLandscapeRight";
				LD_RUNPATH_SEARCH_PATHS = (
					"$(inherited)",
					"@executable_path/Frameworks",
				);
				MARKETING_VERSION = 1.0;
				PRODUCT_BUNDLE_IDENTIFIER = com.aestech.studio.MapIssueDemo;
				PRODUCT_NAME = "$(TARGET_NAME)";
				SWIFT_EMIT_LOC_STRINGS = YES;
				SWIFT_VERSION = 5.0;
				TARGETED_DEVICE_FAMILY = "1,2";
			};
			name = Debug;
		};
		8F4993FA2A60F71D00C76C62 /* Release */ = {
			isa = XCBuildConfiguration;
			baseConfigurationReference = E067E4EEB12D1C6A1BDA06CE /* Pods-MapIssueDemo.release.xcconfig */;
			buildSettings = {
				ASSETCATALOG_COMPILER_APPICON_NAME = AppIcon;
				ASSETCATALOG_COMPILER_GLOBAL_ACCENT_COLOR_NAME = AccentColor;
				CODE_SIGN_STYLE = Automatic;
				CURRENT_PROJECT_VERSION = 1;
				DEVELOPMENT_TEAM = 4DLDXBD4UT;
				GENERATE_INFOPLIST_FILE = YES;
				INFOPLIST_FILE = MapIssueDemo/Info.plist;
				INFOPLIST_KEY_UIApplicationSupportsIndirectInputEvents = YES;
				INFOPLIST_KEY_UILaunchStoryboardName = LaunchScreen;
				INFOPLIST_KEY_UIMainStoryboardFile = Main;
				INFOPLIST_KEY_UISupportedInterfaceOrientations_iPad = "UIInterfaceOrientationPortrait UIInterfaceOrientationPortraitUpsideDown UIInterfaceOrientationLandscapeLeft UIInterfaceOrientationLandscapeRight";
				INFOPLIST_KEY_UISupportedInterfaceOrientations_iPhone = "UIInterfaceOrientationPortrait UIInterfaceOrientationLandscapeLeft UIInterfaceOrientationLandscapeRight";
				LD_RUNPATH_SEARCH_PATHS = (
					"$(inherited)",
					"@executable_path/Frameworks",
				);
				MARKETING_VERSION = 1.0;
				PRODUCT_BUNDLE_IDENTIFIER = com.aestech.studio.MapIssueDemo;
				PRODUCT_NAME = "$(TARGET_NAME)";
				SWIFT_EMIT_LOC_STRINGS = YES;
				SWIFT_VERSION = 5.0;
				TARGETED_DEVICE_FAMILY = "1,2";
			};
			name = Release;
		};
/* End XCBuildConfiguration section */

/* Begin XCConfigurationList section */
		8F4993DF2A60F71B00C76C62 /* Build configuration list for PBXProject "MapIssueDemo" */ = {
			isa = XCConfigurationList;
			buildConfigurations = (
				8F4993F62A60F71C00C76C62 /* Debug */,
				8F4993F72A60F71C00C76C62 /* Release */,
			);
			defaultConfigurationIsVisible = 0;
			defaultConfigurationName = Release;
		};
		8F4993F82A60F71D00C76C62 /* Build configuration list for PBXNativeTarget "MapIssueDemo" */ = {
			isa = XCConfigurationList;
			buildConfigurations = (
				8F4993F92A60F71D00C76C62 /* Debug */,
				8F4993FA2A60F71D00C76C62 /* Release */,
			);
			defaultConfigurationIsVisible = 0;
			defaultConfigurationName = Release;
		};
/* End XCConfigurationList section */
	};
	rootObject = 8F4993DC2A60F71B00C76C62 /* Project object */;
}
